
Microsoft Visual Studio Solution File, Format Version 12.00
# Visual Studio 2013
VisualStudioVersion = 12.0.21005.1
MinimumVisualStudioVersion = 10.0.40219.1
Project("{FAE04EC0-301F-11D3-BF4B-00C04F79EFBC}") = "engWebApi", "engWebApi\engWebApi.csproj", "{F55220EC-76AA-46AF-B969-AB17DB4E8F7D}"
EndProject
Global
	GlobalSection(SolutionConfigurationPlatforms) = preSolution
		Debug|Any CPU = Debug|Any CPU
		Release|Any CPU = Release|Any CPU
	EndGlobalSection
	GlobalSection(ProjectConfigurationPlatforms) = postSolution
		{F55220EC-76AA-46AF-B969-AB17DB4E8F7D}.Debug|Any CPU.ActiveCfg = Debug|Any CPU
		{F55220EC-76AA-46AF-B969-AB17DB4E8F7D}.Debug|Any CPU.Build.0 = Debug|Any CPU
		{F55220EC-76AA-46AF-B969-AB17DB4E8F7D}.Release|Any CPU.ActiveCfg = Release|Any CPU
		{F55220EC-76AA-46AF-B969-AB17DB4E8F7D}.Release|Any CPU.Build.0 = Release|Any CPU
	EndGlobalSection
	GlobalSection(SolutionProperties) = preSolution
		HideSolutionNode = FALSE
	EndGlobalSection
EndGlobal
